// !$*UTF8*$!
{
	archiveVersion = 1;
	classes = {
	};
	objectVersion = 77;
	objects = {

/* Begin PBXBuildFile section */
		1647E115D3DF24E9F058F2D2 /* PrinterService.swift in Sources */ = {isa = PBXBuildFile; fileRef = 6C36A02D08E816D3FCF12312 /* PrinterService.swift */; };
		2CE8E7B422F704B5EB1FE5E9 /* JobListView.swift in Sources */ = {isa = PBXBuildFile; fileRef = 90D9B87FD0AF63E5A3EC3F50 /* JobListView.swift */; };
		5E045F730F6E82E409191E5B /* ContentView.swift in Sources */ = {isa = PBXBuildFile; fileRef = 82F78D03E9EB127A1803EA35 /* ContentView.swift */; };
		5E2C55379B15059CA7068CEF /* RasaPrinterCore in Frameworks */ = {isa = PBXBuildFile; productRef = FA666344971216C8A09D65B9 /* RasaPrinterCore */; };
		91467BD944CA86023A121439 /* RasaPrinterApp.swift in Sources */ = {isa = PBXBuildFile; fileRef = 123D8F84BF334128C63DCC35 /* RasaPrinterApp.swift */; };
		926C54B520C7D4D3CB40C1CC /* ConnectHelpView.swift in Sources */ = {isa = PBXBuildFile; fileRef = D3AEDD15A43ADA398383B666 /* ConnectHelpView.swift */; };
		D7D085CEFB9136FB774791EE /* SettingsView.swift in Sources */ = {isa = PBXBuildFile; fileRef = 723D092A136BE52B9A0E4CAE /* SettingsView.swift */; };
		F33ECA9E56F6215721A164ED /* Assets.xcassets in Resources */ = {isa = PBXBuildFile; fileRef = 0286EBD059D2D5243B9E5D2E /* Assets.xcassets */; };
/* End PBXBuildFile section */

/* Begin PBXFileReference section */
		0286EBD059D2D5243B9E5D2E /* Assets.xcassets */ = {isa = PBXFileReference; lastKnownFileType = folder.assetcatalog; path = Assets.xcassets; sourceTree = "<group>"; };
		123D8F84BF334128C63DCC35 /* RasaPrinterApp.swift */ = {isa = PBXFileReference; lastKnownFileType = sourcecode.swift; path = RasaPrinterApp.swift; sourceTree = "<group>"; };
		1C90DC40DA92C7D1202AB843 /* Info.plist */ = {isa = PBXFileReference; lastKnownFileType = text.plist; path = Info.plist; sourceTree = "<group>"; };
		2D6F097468DAC690C22F80F3 /* RasaPrinter.app */ = {isa = PBXFileReference; includeInIndex = 0; lastKnownFileType = wrapper.application; path = RasaPrinter.app; sourceTree = BUILT_PRODUCTS_DIR; };
		6C36A02D08E816D3FCF12312 /* PrinterService.swift */ = {isa = PBXFileReference; lastKnownFileType = sourcecode.swift; path = PrinterService.swift; sourceTree = "<group>"; };
		723D092A136BE52B9A0E4CAE /* SettingsView.swift */ = {isa = PBXFileReference; lastKnownFileType = sourcecode.swift; path = SettingsView.swift; sourceTree = "<group>"; };
		82F78D03E9EB127A1803EA35 /* ContentView.swift */ = {isa = PBXFileReference; lastKnownFileType = sourcecode.swift; path = ContentView.swift; sourceTree = "<group>"; };
		90D9B87FD0AF63E5A3EC3F50 /* JobListView.swift */ = {isa = PBXFileReference; lastKnownFileType = sourcecode.swift; path = JobListView.swift; sourceTree = "<group>"; };
		D3AEDD15A43ADA398383B666 /* ConnectHelpView.swift */ = {isa = PBXFileReference; lastKnownFileType = sourcecode.swift; path = ConnectHelpView.swift; sourceTree = "<group>"; };
		E7BF753598DD1E459B89B9C0 /* ios */ = {isa = PBXFileReference; lastKnownFileType = folder; name = ios; path = ..; sourceTree = SOURCE_ROOT; };
/* End PBXFileReference section */

/* Begin PBXFrameworksBuildPhase section */
		B07E25102FA7DC1D29A26B96 /* Frameworks */ = {
			isa = PBXFrameworksBuildPhase;
			buildActionMask = 2147483647;
			files = (
				5E2C55379B15059CA7068CEF /* RasaPrinterCore in Frameworks */,
			);
			runOnlyForDeploymentPostprocessing = 0;
		};
/* End PBXFrameworksBuildPhase section */

/* Begin PBXGroup section */
		92D93F1F52FD33180A103074 /* RasaPrinter */ = {
			isa = PBXGroup;
			children = (
				0286EBD059D2D5243B9E5D2E /* Assets.xcassets */,
				D3AEDD15A43ADA398383B666 /* ConnectHelpView.swift */,
				82F78D03E9EB127A1803EA35 /* ContentView.swift */,
				1C90DC40DA92C7D1202AB843 /* Info.plist */,
				90D9B87FD0AF63E5A3EC3F50 /* JobListView.swift */,
				6C36A02D08E816D3FCF12312 /* PrinterService.swift */,
				123D8F84BF334128C63DCC35 /* RasaPrinterApp.swift */,
				723D092A136BE52B9A0E4CAE /* SettingsView.swift */,
			);
			path = RasaPrinter;
			sourceTree = "<group>";
		};
		BA81561312788C7396D43985 /* Products */ = {
			isa = PBXGroup;
			children = (
				2D6F097468DAC690C22F80F3 /* RasaPrinter.app */,
			);
			name = Products;
			sourceTree = "<group>";
		};
		E623351444C70672B5386D16 /* Packages */ = {
			isa = PBXGroup;
			children = (
				E7BF753598DD1E459B89B9C0 /* ios */,
			);
			name = Packages;
			sourceTree = "<group>";
		};
		F2CE43B192E98EECB904E188 = {
			isa = PBXGroup;
			children = (
				E623351444C70672B5386D16 /* Packages */,
				92D93F1F52FD33180A103074 /* RasaPrinter */,
				BA81561312788C7396D43985 /* Products */,
			);
			sourceTree = "<group>";
		};
/* End PBXGroup section */

/* Begin PBXNativeTarget section */
		FFD04B692CB49DC55CB31A25 /* RasaPrinter */ = {
			isa = PBXNativeTarget;
			buildConfigurationList = B503013C9A32DF2F014CAE56 /* Build configuration list for PBXNativeTarget "RasaPrinter" */;
			buildPhases = (
				D0944FF79E9A74E94B6C5EA9 /* Sources */,
				AED42991BA9A12152ABE578D /* Resources */,
				B07E25102FA7DC1D29A26B96 /* Frameworks */,
			);
			buildRules = (
			);
			dependencies = (
			);
			name = RasaPrinter;
			packageProductDependencies = (
				FA666344971216C8A09D65B9 /* RasaPrinterCore */,
			);
			productName = RasaPrinter;
			productReference = 2D6F097468DAC690C22F80F3 /* RasaPrinter.app */;
			productType = "com.apple.product-type.application";
		};
/* End PBXNativeTarget section */

/* Begin PBXProject section */
		7D68054B14DF1A63373FEC9F /* Project object */ = {
			isa = PBXProject;
			attributes = {
				BuildIndependentTargetsInParallel = YES;
				LastUpgradeCheck = 1430;
				TargetAttributes = {
					FFD04B692CB49DC55CB31A25 = {
						DevelopmentTeam = "";
						ProvisioningStyle = Automatic;
					};
				};
			};
			buildConfigurationList = 0AD618F1B4356A8AA9C0E62C /* Build configuration list for PBXProject "RasaPrinter" */;
			developmentRegion = en;
			hasScannedForEncodings = 0;
			knownRegions = (
				Base,
				en,
			);
			mainGroup = F2CE43B192E98EECB904E188;
			minimizedProjectReferenceProxies = 1;
			packageReferences = (
				D3E23964E8EB0C552F620E22 /* XCLocalSwiftPackageReference ".." */,
			);
			preferredProjectObjectVersion = 77;
			productRefGroup = BA81561312788C7396D43985 /* Products */;
			projectDirPath = "";
			projectRoot = "";
			targets = (
				FFD04B692CB49DC55CB31A25 /* RasaPrinter */,
			);
		};
/* End PBXProject section */

/* Begin PBXResourcesBuildPhase section */
		AED42991BA9A12152ABE578D /* Resources */ = {
			isa = PBXResourcesBuildPhase;
			buildActionMask = 2147483647;
			files = (
				F33ECA9E56F6215721A164ED /* Assets.xcassets in Resources */,
			);
			runOnlyForDeploymentPostprocessing = 0;
		};
/* End PBXResourcesBuildPhase section */

/* Begin PBXSourcesBuildPhase section */
		D0944FF79E9A74E94B6C5EA9 /* Sources */ = {
			isa = PBXSourcesBuildPhase;
			buildActionMask = 2147483647;
			files = (
				926C54B520C7D4D3CB40C1CC /* ConnectHelpView.swift in Sources */,
				5E045F730F6E82E409191E5B /* ContentView.swift in Sources */,
				2CE8E7B422F704B5EB1FE5E9 /* JobListView.swift in Sources */,
				1647E115D3DF24E9F058F2D2 /* PrinterService.swift in Sources */,
				91467BD944CA86023A121439 /* RasaPrinterApp.swift in Sources */,
				D7D085CEFB9136FB774791EE /* SettingsView.swift in Sources */,
			);
			runOnlyForDeploymentPostprocessing = 0;
		};
/* End PBXSourcesBuildPhase section */

/* Begin XCBuildConfiguration section */
		3BB2CFD17D13DCF8F53C533A /* Debug */ = {
			isa = XCBuildConfiguration;
			buildSettings = {
				ASSETCATALOG_COMPILER_APPICON_NAME = AppIcon;
				CODE_SIGN_IDENTITY = "iPhone Developer";
				CODE_SIGN_STYLE = Automatic;
				CURRENT_PROJECT_VERSION = 1;
				DEVELOPMENT_TEAM = "";
				GENERATE_INFOPLIST_FILE = YES;
				INFOPLIST_FILE = RasaPrinter/Info.plist;
				LD_RUNPATH_SEARCH_PATHS = (
					"$(inherited)",
					"@executable_path/Frameworks",
				);
				MARKETING_VERSION = 1.0;
				PRODUCT_BUNDLE_IDENTIFIER = com.rasa.printer;
				SDKROOT = iphoneos;
				SWIFT_VERSION = 5.0;
				TARGETED_DEVICE_FAMILY = "1,2";
			};
			name = Debug;
		};
		8F4836BCB37B8FB65F3C4E5E /* Debug */ = {
			isa = XCBuildConfiguration;
			buildSettings = {
				ALWAYS_SEARCH_USER_PATHS = NO;
				CLANG_ANALYZER_NONNULL = YES;
				CLANG_ANALYZER_NUMBER_OBJECT_CONVERSION = YES_AGGRESSIVE;
				CLANG_CXX_LANGUAGE_STANDARD = "gnu++14";
				CLANG_CXX_LIBRARY = "libc++";
				CLANG_ENABLE_MODULES = YES;
				CLANG_ENABLE_OBJC_ARC = YES;
				CLANG_ENABLE_OBJC_WEAK = YES;
				CLANG_WARN_BLOCK_CAPTURE_AUTORELEASING = YES;
				CLANG_WARN_BOOL_CONVERSION = YES;
				CLANG_WARN_COMMA = YES;
				CLANG_WARN_CONSTANT_CONVERSION = YES;
				CLANG_WARN_DEPRECATED_OBJC_IMPLEMENTATIONS = YES;
				CLANG_WARN_DIRECT_OBJC_ISA_USAGE = YES_ERROR;
				CLANG_WARN_DOCUMENTATION_COMMENTS = YES;
				CLANG_WARN_EMPTY_BODY = YES;
				CLANG_WARN_ENUM_CONVERSION = YES;
				CLANG_WARN_INFINITE_RECURSION = YES;
				CLANG_WARN_INT_CONVERSION = YES;
				CLANG_WARN_NON_LITERAL_NULL_CONVERSION = YES;
				CLANG_WARN_OBJC_IMPLICIT_RETAIN_SELF = YES;
				CLANG_WARN_OBJC_LITERAL_CONVERSION = YES;
				CLANG_WARN_OBJC_ROOT_CLASS = YES_ERROR;
				CLANG_WARN_QUOTED_INCLUDE_IN_FRAMEWORK_HEADER = YES;
				CLANG_WARN_RANGE_LOOP_ANALYSIS = YES;
				CLANG_WARN_STRICT_PROTOTYPES = YES;
				CLANG_WARN_SUSPICIOUS_MOVE = YES;
				CLANG_WARN_UNGUARDED_AVAILABILITY = YES_AGGRESSIVE;
				CLANG_WARN_UNREACHABLE_CODE = YES;
				CLANG_WARN__DUPLICATE_METHOD_MATCH = YES;
				COPY_PHASE_STRIP = NO;
				DEBUG_INFORMATION_FORMAT = dwarf;
				ENABLE_STRICT_OBJC_MSGSEND = YES;
				ENABLE_TESTABILITY = YES;
				GCC_C_LANGUAGE_STANDARD = gnu11;
				GCC_DYNAMIC_NO_PIC = NO;
				GCC_NO_COMMON_BLOCKS = YES;
				GCC_OPTIMIZATION_LEVEL = 0;
				GCC_PREPROCESSOR_DEFINITIONS = (
					"$(inherited)",
					"DEBUG=1",
				);
				GCC_WARN_64_TO_32_BIT_CONVERSION = YES;
				GCC_WARN_ABOUT_RETURN_TYPE = YES_ERROR;
				GCC_WARN_UNDECLARED_SELECTOR = YES;
				GCC_WARN_UNINITIALIZED_AUTOS = YES_AGGRESSIVE;
				GCC_WARN_UNUSED_FUNCTION = YES;
				GCC_WARN_UNUSED_VARIABLE = YES;
				IPHONEOS_DEPLOYMENT_TARGET = 17.0;
				MTL_ENABLE_DEBUG_INFO = INCLUDE_SOURCE;
				MTL_FAST_MATH = YES;
				ONLY_ACTIVE_ARCH = YES;
				PRODUCT_NAME = "$(TARGET_NAME)";
				SDKROOT = iphoneos;
				SWIFT_ACTIVE_COMPILATION_CONDITIONS = DEBUG;
				SWIFT_OPTIMIZATION_LEVEL = "-Onone";
				SWIFT_VERSION = 5.0;
			};
			name = Debug;
		};
		AF9B74FAEBDF03A8302C3597 /* Release */ = {
			isa = XCBuildConfiguration;
			buildSettings = {
				ALWAYS_SEARCH_USER_PATHS = NO;
				CLANG_ANALYZER_NONNULL = YES;
				CLANG_ANALYZER_NUMBER_OBJECT_CONVERSION = YES_AGGRESSIVE;
				CLANG_CXX_LANGUAGE_STANDARD = "gnu++14";
				CLANG_CXX_LIBRARY = "libc++";
				CLANG_ENABLE_MODULES = YES;
				CLANG_ENABLE_OBJC_ARC = YES;
				CLANG_ENABLE_OBJC_WEAK = YES;
				CLANG_WARN_BLOCK_CAPTURE_AUTORELEASING = YES;
				CLANG_WARN_BOOL_CONVERSION = YES;
				CLANG_WARN_COMMA = YES;
				CLANG_WARN_CONSTANT_CONVERSION = YES;
				CLANG_WARN_DEPRECATED_OBJC_IMPLEMENTATIONS = YES;
				CLANG_WARN_DIRECT_OBJC_ISA_USAGE = YES_ERROR;
				CLANG_WARN_DOCUMENTATION_COMMENTS = YES;
				CLANG_WARN_EMPTY_BODY = YES;
				CLANG_WARN_ENUM_CONVERSION = YES;
				CLANG_WARN_INFINITE_RECURSION = YES;
				CLANG_WARN_INT_CONVERSION = YES;
				CLANG_WARN_NON_LITERAL_NULL_CONVERSION = YES;
				CLANG_WARN_OBJC_IMPLICIT_RETAIN_SELF = YES;
				CLANG_WARN_OBJC_LITERAL_CONVERSION = YES;
				CLANG_WARN_OBJC_ROOT_CLASS = YES_ERROR;
				CLANG_WARN_QUOTED_INCLUDE_IN_FRAMEWORK_HEADER = YES;
				CLANG_WARN_RANGE_LOOP_ANALYSIS = YES;
				CLANG_WARN_STRICT_PROTOTYPES = YES;
				CLANG_WARN_SUSPICIOUS_MOVE = YES;
				CLANG_WARN_UNGUARDED_AVAILABILITY = YES_AGGRESSIVE;
				CLANG_WARN_UNREACHABLE_CODE = YES;
				CLANG_WARN__DUPLICATE_METHOD_MATCH = YES;
				COPY_PHASE_STRIP = NO;
				DEBUG_INFORMATION_FORMAT = "dwarf-with-dsym";
				ENABLE_NS_ASSERTIONS = NO;
				ENABLE_STRICT_OBJC_MSGSEND = YES;
				GCC_C_LANGUAGE_STANDARD = gnu11;
				GCC_NO_COMMON_BLOCKS = YES;
				GCC_WARN_64_TO_32_BIT_CONVERSION = YES;
				GCC_WARN_ABOUT_RETURN_TYPE = YES_ERROR;
				GCC_WARN_UNDECLARED_SELECTOR = YES;
				GCC_WARN_UNINITIALIZED_AUTOS = YES_AGGRESSIVE;
				GCC_WARN_UNUSED_FUNCTION = YES;
				GCC_WARN_UNUSED_VARIABLE = YES;
				IPHONEOS_DEPLOYMENT_TARGET = 17.0;
				MTL_ENABLE_DEBUG_INFO = NO;
				MTL_FAST_MATH = YES;
				PRODUCT_NAME = "$(TARGET_NAME)";
				SDKROOT = iphoneos;
				SWIFT_COMPILATION_MODE = wholemodule;
				SWIFT_OPTIMIZATION_LEVEL = "-O";
				SWIFT_VERSION = 5.0;
			};
			name = Release;
		};
		F303458A7608D11F6070D27D /* Release */ = {
			isa = XCBuildConfiguration;
			buildSettings = {
				ASSETCATALOG_COMPILER_APPICON_NAME = AppIcon;
				CODE_SIGN_IDENTITY = "iPhone Developer";
				CODE_SIGN_STYLE = Automatic;
				CURRENT_PROJECT_VERSION = 1;
				DEVELOPMENT_TEAM = "";
				GENERATE_INFOPLIST_FILE = YES;
				INFOPLIST_FILE = RasaPrinter/Info.plist;
				LD_RUNPATH_SEARCH_PATHS = (
					"$(inherited)",
					"@executable_path/Frameworks",
				);
				MARKETING_VERSION = 1.0;
				PRODUCT_BUNDLE_IDENTIFIER = com.rasa.printer;
				SDKROOT = iphoneos;
				SWIFT_VERSION = 5.0;
				TARGETED_DEVICE_FAMILY = "1,2";
			};
			name = Release;
		};
/* End XCBuildConfiguration section */

/* Begin XCConfigurationList section */
		0AD618F1B4356A8AA9C0E62C /* Build configuration list for PBXProject "RasaPrinter" */ = {
			isa = XCConfigurationList;
			buildConfigurations = (
				8F4836BCB37B8FB65F3C4E5E /* Debug */,
				AF9B74FAEBDF03A8302C3597 /* Release */,
			);
			defaultConfigurationIsVisible = 0;
			defaultConfigurationName = Debug;
		};
		B503013C9A32DF2F014CAE56 /* Build configuration list for PBXNativeTarget "RasaPrinter" */ = {
			isa = XCConfigurationList;
			buildConfigurations = (
				3BB2CFD17D13DCF8F53C533A /* Debug */,
				F303458A7608D11F6070D27D /* Release */,
			);
			defaultConfigurationIsVisible = 0;
			defaultConfigurationName = Debug;
		};
/* End XCConfigurationList section */

/* Begin XCLocalSwiftPackageReference section */
		D3E23964E8EB0C552F620E22 /* XCLocalSwiftPackageReference ".." */ = {
			isa = XCLocalSwiftPackageReference;
			relativePath = ..;
		};
/* End XCLocalSwiftPackageReference section */

/* Begin XCSwiftPackageProductDependency section */
		FA666344971216C8A09D65B9 /* RasaPrinterCore */ = {
			isa = XCSwiftPackageProductDependency;
			productName = RasaPrinterCore;
		};
/* End XCSwiftPackageProductDependency section */
	};
	rootObject = 7D68054B14DF1A63373FEC9F /* Project object */;
}
